version = 1
revision = 3
requires-python = ">=3.14"

[[package]]
name = "harness"
version = "0.1.0"
source = { virtual = "." }

[package.dev-dependencies]
dev = [
    { name = "mypy" },
    { name = "ruff" },
]

[package.metadata]

[package.metadata.requires-dev]
dev = [
    { name = "mypy", specifier = "==1.19.1" },
    { name = "ruff", specifier = "==0.15.7" },
]

[[package]]
name = "librt"
version = "0.15.0"
source = { registry = "https://pypi.org/simple" }
sdist = { url = "https://files.pythonhosted.org/packages/36/9b/356320fbae2ac8467e21c5e73e1389c80468e4998c62cc7d3536cc51b614/librt-0.15.0.tar.gz", hash = "sha256:4e66cbe84437497d951b799d3e1551291b6fb3d643820a7014b3655d57a59162", size = 214338, upload-time = "2026-08-07T10:49:42.663Z" }
wheels = [
    { url = "https://files.pythonhosted.org/packages/a8/93/949053fb462eecc4a9a5ee770a81f4b40be7b79538b245545d4aebc6b58b/librt-0.15.0-cp314-cp314-macosx_10_15_x86_64.whl", hash = "sha256:f5de7feedc56337a088eb15cd9fafa9938367362221d8cc62c642b7f94821993", size = 149833, upload-time = "2026-08-07T10:47:39.86Z" },
    { url = "https://files.pythonhosted.org/packages/61/ca/8281aa6cd560a3420e4497729f6b704b53be3eeaaef82d5aeadddaf7441f/librt-0.15.0-cp314-cp314-macosx_11_0_arm64.whl", hash = "sha256:6c0eb900c0e91f4aebe680845242e614f1864edfd44106380d0752ac29522bf8", size = 154088, upload-time = "2026-08-07T10:47:41.065Z" },
    { url = "https://files.pythonhosted.org/packages/dd/02/1a1662dceaba6a086360891448d5ce9a7d3555976cae59a31a39d744b9c7/librt-0.15.0-cp314-cp314-manylinux2014_aarch64.manylinux_2_17_aarch64.manylinux_2_28_aarch64.whl", hash = "sha256:e8c9a650a188e38bac005048cbe6342e81407782944d01934540ab75e417df21", size = 494215, upload-time = "2026-08-07T10:47:42.388Z" },
    { url = "https://files.pythonhosted.org/packages/69/84/99211619dc656370a3740c33d2b0b6d5a3fb1e73689314f6ed477a397dc4/librt-0.15.0-cp314-cp314-manylinux2014_i686.manylinux_2_17_i686.manylinux_2_28_i686.whl", hash = "sha256:92bfed8deec93df30286b9fe9e3b1dd17329cc076a192b4ee5ec223841d54953", size = 491173, upload-time = "2026-08-07T10:47:43.683Z" },
    { url = "https://files.pythonhosted.org/packages/d4/aa/5448d0b05f4579b635d3899176817ebf561af0e57bacd425b5b1887264c1/librt-0.15.0-cp314-cp314-manylinux2014_ppc64le.manylinux_2_17_ppc64le.manylinux_2_28_ppc64le.whl", hash = "sha256:ec4b19788f835711a2072f9dbe6b03b3bf32ed1f0fb30cf399bdd59d9f0c33fa", size = 505512, upload-time = "2026-08-07T10:47:45.314Z" },
    { url = "https://files.pythonhosted.org/packages/95/82/01940e40b83c43a546c4a3c896cf34ca272a9690899d55914e4827b3dcce/librt-0.15.0-cp314-cp314-manylinux2014_x86_64.manylinux_2_17_x86_64.manylinux_2_28_x86_64.whl", hash = "sha256:d4c7bacb70930f3d0a56f4ecf1be474a1f0d941b01dd73b756f3c256d42cb879", size = 523073, upload-time = "2026-08-07T10:47:46.66Z" },
    { url = "https://files.pythonhosted.org/packages/88/fa/759c0030f3ee371439eb26de34fc745807caf0abb878af7af4b8b7c3dd3d/librt-0.15.0-cp314-cp314-manylinux_2_34_riscv64.manylinux_2_39_riscv64.whl", hash = "sha256:3e79f05e4a08b4d880342673312bbc895b56df7765605796f15902eb5367d3ae", size = 515080, upload-time = "2026-08-07T10:47:48.319Z" },
    { url = "https://files.pythonhosted.org/packages/0b/27/894e072228fcb159703c655da69f8cd10dbed489c36e3df7dd032a2483be/librt-0.15.0-cp314-cp314-musllinux_1_2_aarch64.whl", hash = "sha256:a417149c0cba4d50b61e992e5a15e69eaf96746609b461cc4ed168aeef6b79dd", size = 534164, upload-time = "2026-08-07T10:47:49.875Z" },
    { url = "https://files.pythonhosted.org/packages/98/a3/0078e91c1f36f8815db17827de15650b9a3fe56c55fbf998c854b34e40d3/librt-0.15.0-cp314-cp314-musllinux_1_2_i686.whl", hash = "sha256:da7a94d6a3411f579d72aa3e3bc5fbca7ed4549f3dbd7e5de3aa567333374285", size = 540616, upload-time = "2026-08-07T10:47:51.408Z" },
    { url = "https://files.pythonhosted.org/packages/86/33/81a29b796dd52a45e9ef7974c7732926e8f10f15b8d2be505665979f896d/librt-0.15.0-cp314-cp314-musllinux_1_2_ppc64le.whl", hash = "sha256:856f743ae607f2c1380eccb566c0038a9fb3eabf0fc2be2704d76d9f73557239", size = 545890, upload-time = "2026-08-07T10:47:52.818Z" },
    { url = "https://files.pythonhosted.org/packages/05/82/8be1baa1350e5d30cfd70ae79d0a6f4dc5862ef47f7bb2808aabc9bb86e5/librt-0.15.0-cp314-cp314-musllinux_1_2_riscv64.whl", hash = "sha256:779a6e7c894737e5983e7790a9c78c4000c30e23c9aada08081bdbea53b0fa60", size = 523287, upload-time = "2026-08-07T10:47:54.165Z" },
    { url = "https://files.pythonhosted.org/packages/c6/4f/d1be6a01a35c20ef734e0e44113f87d4af756a9354a89dcfbe3b4f8af5e1/librt-0.15.0-cp314-cp314-musllinux_1_2_x86_64.whl", hash = "sha256:96bb17dbe8bab3c0954fbebfc69ed395599de75b6bbc35e3270a878e15d4dd65", size = 565868, upload-time = "2026-08-07T10:47:55.566Z" },
    { url = "https://files.pythonhosted.org/packages/67/88/649cfa33f5825927b160610f670bdab012a64d627eddb94fa795ea4292fd/librt-0.15.0-cp314-cp314-pyemscripten_2026_0_wasm32.whl", hash = "sha256:7220697efaa6e5348fc3d18ee7f8563d4bfecd9872b37ffb915bfc1d08840622", size = 81619, upload-time = "2026-08-07T10:47:56.886Z" },
    { url = "https://files.pythonhosted.org/packages/22/31/8e88a8d5e48fc8d1a817787fb6811dfff6499acd6c8683dd83934aa6ede0/librt-0.15.0-cp314-cp314-win32.whl", hash = "sha256:f54598964d357b1c5ab77cf5d92f21e598fe0e23cdbe9618480807f81b4eba15", size = 100138, upload-time = "2026-08-07T10:47:58.093Z" },
    { url = "https://files.pythonhosted.org/packages/80/92/20fd6c4b6a1b1a564b076d55cd3d427d8428217d7638dc25a654cc4791d4/librt-0.15.0-cp314-cp314-win_amd64.whl", hash = "sha256:3ff5893a2c23d886aa9ce786de5ac6ddc74aeeaf90743682b74d920e117d2e28", size = 121258, upload-time = "2026-08-07T10:47:59.564Z" },
    { url = "https://files.pythonhosted.org/packages/fc/28/6af430b44d9ebb897b865a3c363b6dcace51357be2347cc0f8f869656a86/librt-0.15.0-cp314-cp314-win_arm64.whl", hash = "sha256:3722a099730704c9a3d70c879fc0f51daec25fe5f1555672d97bc595abeafb95", size = 106467, upload-time = "2026-08-07T10:48:01.097Z" },
    { url = "https://files.pythonhosted.org/packages/7e/aa/b42bb798942ced219f6d63b27e07f91237887a8d0bd0921666db79a13790/librt-0.15.0-cp314-cp314t-macosx_10_15_x86_64.whl", hash = "sha256:38c0c7d4b6fc06c3324b3f9162c8391bfc4fd9dde53afe1033ce7edb48d5a714", size = 159523, upload-time = "2026-08-07T10:48:02.442Z" },
    { url = "https://files.pythonhosted.org/packages/75/03/1b53cd4ef904e73b1d828a5f90143bf94a2967d7cfff0b9ccf93e12aa9b4/librt-0.15.0-cp314-cp314t-macosx_11_0_arm64.whl", hash = "sha256:8b2fdd7ead3c995c37940a790690660d0ca006c302db26cc51933f6766866fc3", size = 161638, upload-time = "2026-08-07T10:48:03.725Z" },
    { url = "https://files.pythonhosted.org/packages/ac/c4/9f9c9fba097d49e9e694c2b4dc331df31884645ecbc58a93b4b5fc69d2c5/librt-0.15.0-cp314-cp314t-manylinux2014_aarch64.manylinux_2_17_aarch64.manylinux_2_28_aarch64.whl", hash = "sha256:2fde98cf1fc4bac144ce23c2c4c017b924ba714509ea9334977b0b27050c837d", size = 701795, upload-time = "2026-08-07T10:48:05.135Z" },
    { url = "https://files.pythonhosted.org/packages/4c/05/0966840bda0380c8ae167b9043c6230202941cc90ea29c48e096964c765e/librt-0.15.0-cp314-cp314t-manylinux2014_i686.manylinux_2_17_i686.manylinux_2_28_i686.whl", hash = "sha256:e3b461183c5fa7681b48560f91515f53a953122fb30c71e07abc67d7ddf58c38", size = 682147, upload-time = "2026-08-07T10:48:06.555Z" },
    { url = "https://files.pythonhosted.org/packages/18/af/1c47ca573c30ea47d195aec26133af522fea1104afaace028d7b32247ea8/librt-0.15.0-cp314-cp314t-manylinux2014_ppc64le.manylinux_2_17_ppc64le.manylinux_2_28_ppc64le.whl", hash = "sha256:4bbcc257e3babea20a91715c361b24554ec4e8f51aa578568afc230799fe1a19", size = 696397, upload-time = "2026-08-07T10:48:08.03Z" },
    { url = "https://files.pythonhosted.org/packages/2e/0f/1aed6223d4f9f9d1171a8596ff100ea4c3f7699fea7a4ba657c3e60daa6c/librt-0.15.0-cp314-cp314t-manylinux2014_x86_64.manylinux_2_17_x86_64.manylinux_2_28_x86_64.whl", hash = "sha256:b845b8d48088fad0cadc84be4b8fda63203be7e9237b71015b3925443c1f35ab", size = 722542, upload-time = "2026-08-07T10:48:09.569Z" },
    { url = "https://files.pythonhosted.org/packages/c6/22/9e3a929aea456c97d69e6ef3884efea56d4807f97399471cc946baebd8af/librt-0.15.0-cp314-cp314t-manylinux_2_34_riscv64.manylinux_2_39_riscv64.whl", hash = "sha256:b30e600e8f337b9bd7f39b86d9fdfedc73cc46e3d0f745931a23a234220bb7e2", size = 729709, upload-time = "2026-08-07T10:48:11.129Z" },
    { url = "https://files.pythonhosted.org/packages/e9/1b/c327ef6018e3a9ca0b8e7c5eddeeb331ba8f9b76c24e126d37d0f6d62faf/librt-0.15.0-cp314-cp314t-musllinux_1_2_aarch64.whl", hash = "sha256:64b0c8c35aa4c4ed79896359f3e0b285cbe4e610042106500da4811c322cc108", size = 752891, upload-time = "2026-08-07T10:48:12.558Z" },
    { url = "https://files.pythonhosted.org/packages/d7/d1/d5f1ea02c56930087009e39db9b70660a663e76c730b27b925d786718457/librt-0.15.0-cp314-cp314t-musllinux_1_2_i686.whl", hash = "sha256:0da0d94cb802f32a0524653e7201f2cef72d5f700a5407678f5290483d4fcd08", size = 745301, upload-time = "2026-08-07T10:48:14.55Z" },
    { url = "https://files.pythonhosted.org/packages/d9/3c/5f7c585d15ebb2250c73e7c0ee4e9e47be72c65d520c07ddbcdc62037674/librt-0.15.0-cp314-cp314t-musllinux_1_2_ppc64le.whl", hash = "sha256:4a6369168d371207339b1e50d4532b06a7121586141f82599505a3f315751d47", size = 747921, upload-time = "2026-08-07T10:48:16.453Z" },
    { url = "https://files.pythonhosted.org/packages/7f/52/1443a446486eba966bcbca1696b472e4f210320ec42f490a47f48fbf0fdc/librt-0.15.0-cp314-cp314t-musllinux_1_2_riscv64.whl", hash = "sha256:c434e072557ade9cbc642d052c89d031efe47d5c9614523619d0d74a02378e81", size = 727561, upload-time = "2026-08-07T10:48:18.089Z" },
    { url = "https://files.pythonhosted.org/packages/79/91/2270a9380f11725cf83ce1925a5e32dd1dde2be9bba597f25c10a38644e7/librt-0.15.0-cp314-cp314t-musllinux_1_2_x86_64.whl", hash = "sha256:c7eec6a42018bc1d45763b1c162d3d2bf7c3b9a1b0ed30d3e91dcba390efefcc", size = 774417, upload-time = "2026-08-07T10:48:19.611Z" },
    { url = "https://files.pythonhosted.org/packages/9e/3b/f4b1548d4f5b99186737fe27aec238e9823e8d5d23bf4df007c030689dc5/librt-0.15.0-cp314-cp314t-win32.whl", hash = "sha256:6912fa5e635d74529ac7cdb1bdf6ca3af4453da8d1edbe0110ee1cb4ad407ebf", size = 104381, upload-time = "2026-08-07T10:48:21.048Z" },
    { url = "https://files.pythonhosted.org/packages/80/b6/134afad262def1de04c0843c376d02135f1168af43f22e09a52bd8394727/librt-0.15.0-cp314-cp314t-win_amd64.whl", hash = "sha256:8e11699ed745931c395acd3621b07062e0f840efa6935aad87a64ed0995f0915", size = 127034, upload-time = "2026-08-07T10:48:22.561Z" },
    { url = "https://files.pythonhosted.org/packages/99/5f/1b6846b20572bd699c9e9ec321a5f781845bee477df2aa2a43b28bc40119/librt-0.15.0-cp314-cp314t-win_arm64.whl", hash = "sha256:5d2a91724463bfed4f573cd7a9fdc856d2e230d0c0e5a61416a93481dccd8605", size = 110827, upload-time = "2026-08-07T10:48:23.804Z" },
    { url = "https://files.pythonhosted.org/packages/c6/44/4de9f4ddadb009a55c7758eb5736d62534a7daaf27bd71bc50e64b606b06/librt-0.15.0-cp315-cp315-macosx_10_15_x86_64.whl", hash = "sha256:8443e38dcfcfdbcf5add5118c623efd788d65ac2e25756d6251a54a06a4d0aca", size = 149843, upload-time = "2026-08-07T10:48:25.148Z" },
    { url = "https://files.pythonhosted.org/packages/1f/eb/5d9ab71e30119c44094e0275f38b47dd327aea0f843a080396677029d508/librt-0.15.0-cp315-cp315-macosx_11_0_arm64.whl", hash = "sha256:6d15a29033c57490cfe2069097c6fc4049e4e65ffbb749be7dc453b7c4c68965", size = 154510, upload-time = "2026-08-07T10:48:26.485Z" },
    { url = "https://files.pythonhosted.org/packages/d0/9c/8505d1b8f5e8c19587bd03f7429993b3e9ce5c06819d856bfb11d919374c/librt-0.15.0-cp315-cp315-manylinux2014_aarch64.manylinux_2_17_aarch64.manylinux_2_28_aarch64.whl", hash = "sha256:d2c05c729b589e734c09578bf5964be48a911765484840d017bbc84f49d4c4ad", size = 497543, upload-time = "2026-08-07T10:48:28.045Z" },
    { url = "https://files.pythonhosted.org/packages/1d/9a/3a8390775cb095765aded027ac9c63e7c8ea74e731498607544c6505de0e/librt-0.15.0-cp315-cp315-manylinux2014_i686.manylinux_2_17_i686.manylinux_2_28_i686.whl", hash = "sha256:fa60887537e1d0cd2d9982269d33a709bf54b195cd2b9364fc0a758022af5bd9", size = 480452, upload-time = "2026-08-07T10:48:29.531Z" },
    { url = "https://files.pythonhosted.org/packages/e7/40/258a4a7117ee915d66de5cd9b8ade65a440993161107ce3a686f1859955c/librt-0.15.0-cp315-cp315-manylinux2014_ppc64le.manylinux_2_17_ppc64le.manylinux_2_28_ppc64le.whl", hash = "sha256:d8bc24219b24c0af375718942ab75e3544b2763085f40f965be4326734ae8328", size = 507768, upload-time = "2026-08-07T10:48:31.007Z" },
    { url = "https://files.pythonhosted.org/packages/6b/c6/2f4dd296c97a0b85b98894519b279408ec9dd602d4f692b1ea0e25dee670/librt-0.15.0-cp315-cp315-manylinux2014_x86_64.manylinux_2_17_x86_64.manylinux_2_28_x86_64.whl", hash = "sha256:86a21a7bd3fe3a419512ef424cc1c020f6771d0b29cfddff36d1635a855e63f0", size = 525122, upload-time = "2026-08-07T10:48:32.7Z" },
    { url = "https://files.pythonhosted.org/packages/49/dd/29eab42be13b2bf0ea8cb227135a45d44693e30a7e8b92871981ff56b82b/librt-0.15.0-cp315-cp315-manylinux_2_34_riscv64.manylinux_2_39_riscv64.whl", hash = "sha256:dbab647e88d90b3167b91efe7091e248653688ed4337e4f90907a722c7361bb9", size = 520371, upload-time = "2026-08-07T10:48:34.294Z" },
    { url = "https://files.pythonhosted.org/packages/91/ed/4bad71adeca8fe208b775c2a35417fa5a2584c8f4791daaf89a89450fea1/librt-0.15.0-cp315-cp315-musllinux_1_2_aarch64.whl", hash = "sha256:d8edcf6f550e918dca779c069b9e156385c60b406f99fc7641f32c52f7193659", size = 537258, upload-time = "2026-08-07T10:48:35.88Z" },
    { url = "https://files.pythonhosted.org/packages/4c/63/59dba6143fdcc7240c54458b629f3250000a61b8945890fc9efd451b19c5/librt-0.15.0-cp315-cp315-musllinux_1_2_i686.whl", hash = "sha256:8b62076030baa2d8b1501a46bf0e19c27a489aa90671c55665bff7887f7660b0", size = 527432, upload-time = "2026-08-07T10:48:37.466Z" },
    { url = "https://files.pythonhosted.org/packages/ec/21/21a24c6a2327d8362580efebe77286bf47b0f4062ec5ea41766e609d3c7d/librt-0.15.0-cp315-cp315-musllinux_1_2_ppc64le.whl", hash = "sha256:d00d20d1818e82a07a0ee0aa89a98b17ed7916b92441090b683719cb20a59b6d", size = 548108, upload-time = "2026-08-07T10:48:39.384Z" },
    { url = "https://files.pythonhosted.org/packages/5a/6d/fc68c89a7971418b41f9a873623ff935cb864097544c6a2f8ce491c8ef5d/librt-0.15.0-cp315-cp315-musllinux_1_2_riscv64.whl", hash = "sha256:4e6ee93fc3cf848dcbf0cce2eca73d8e7dcd0cc2b6df3a529d57750b30a4c55c", size = 529681, upload-time = "2026-08-07T10:48:41.392Z" },
    { url = "https://files.pythonhosted.org/packages/65/7e/c2d98766124400d722063a630b0fde38a9fc768705d37eecca15c47dc192/librt-0.15.0-cp315-cp315-musllinux_1_2_x86_64.whl", hash = "sha256:32896a0af72508ea979e0acb4e4c04cbeeae04938167950d535c83c45597167d", size = 567736, upload-time = "2026-08-07T10:48:43.124Z" },
    { url = "https://files.pythonhosted.org/packages/55/6c/f8c34a95e3a515c6e1c192b89511e7253c89a7760c6b500d57ffdb8d2dc8/librt-0.15.0-cp315-cp315-pyemscripten_2026_5_wasm32.whl", hash = "sha256:ec3ba415afaf951f6951b1dd16d3c8e4f540065fc382d7e70b823a79567ca374", size = 81673, upload-time = "2026-08-07T10:48:44.645Z" },
    { url = "https://files.pythonhosted.org/packages/c9/9e/e23fa8e78679ec45728188650b39e8ff476c83b691c96f749217df3b1b7c/librt-0.15.0-cp315-cp315-win32.whl", hash = "sha256:d2813ba2503764f0450680c533d13df7cff9b49df1411062eded5f67db4195b9", size = 100081, upload-time = "2026-08-07T10:48:46.171Z" },
    { url = "https://files.pythonhosted.org/packages/e1/dc/3eb4c5e297343f0620a55532cd7c8d764d3001fa2159212dadf480464827/librt-0.15.0-cp315-cp315-win_amd64.whl", hash = "sha256:b87d67e33afaf265262f2a66db578284b88ee2e6fcd224579cb5c15518677ad8", size = 121228, upload-time = "2026-08-07T10:48:47.631Z" },
    { url = "https://files.pythonhosted.org/packages/97/70/43abce19f04e49762f8ec834c8fafee13cc40fd6b94a72a24e534febfcd0/librt-0.15.0-cp315-cp315-win_arm64.whl", hash = "sha256:713bd7df21170b982e729e46870f31d6b437bd1a9b4648cffb529bd3c2ec5c4b", size = 106487, upload-time = "2026-08-07T10:48:49.095Z" },
    { url = "https://files.pythonhosted.org/packages/de/15/83f2deddb9368b8951ec8c9477269b5b9b8bd9bbf15e57402d0f38817dca/librt-0.15.0-cp315-cp315t-macosx_10_15_x86_64.whl", hash = "sha256:3de789c82752730f94782a5ee518baf9c05edf85733aeaf73bb6e518755cdf54", size = 159448, upload-time = "2026-08-07T10:48:50.649Z" },
    { url = "https://files.pythonhosted.org/packages/06/bf/043097353f9b3c73b583d07f6b8e552795463f4bfc8caf85e42eee50c26a/librt-0.15.0-cp315-cp315t-macosx_11_0_arm64.whl", hash = "sha256:e0b5deec9a8664eb722c797241970fd4aa1894d25fda36a1ddac0f7407606bd6", size = 161686, upload-time = "2026-08-07T10:48:52.174Z" },
    { url = "https://files.pythonhosted.org/packages/f4/2a/8ae77f9719d42ce71cd708560a3557b38ac3c17a0383e57f87084de45bbe/librt-0.15.0-cp315-cp315t-manylinux2014_aarch64.manylinux_2_17_aarch64.manylinux_2_28_aarch64.whl", hash = "sha256:5563302a8359bc2295bb7084d1a8ed1519df96afb30eb2aa4e0bff7b54228988", size = 710668, upload-time = "2026-08-07T10:48:53.782Z" },
    { url = "https://files.pythonhosted.org/packages/61/34/c0436ea134deb9a0d6da80a396a2739a81cb31e0418f7227239e23140898/librt-0.15.0-cp315-cp315t-manylinux2014_i686.manylinux_2_17_i686.manylinux_2_28_i686.whl", hash = "sha256:22d6263b9d39d7bbb286fa791945646e3218f1be2d693e36fb630f1d0e59cd13", size = 679396, upload-time = "2026-08-07T10:48:55.645Z" },
    { url = "https://files.pythonhosted.org/packages/4a/9f/001e0d99aa9250d5cd5715a9081291a20656083459f9019cda15255329e1/librt-0.15.0-cp315-cp315t-manylinux2014_ppc64le.manylinux_2_17_ppc64le.manylinux_2_28_ppc64le.whl", hash = "sha256:39ffd14646190c454f0d86e0d256b33f00a87a26ab410e619773b841d0e41416", size = 704313, upload-time = "2026-08-07T10:48:57.46Z" },
    { url = "https://files.pythonhosted.org/packages/2d/53/b34fa9d0ff00f136f4d58ebb4c411ff634baed1eb412bb602a2bc8dcafcb/librt-0.15.0-cp315-cp315t-manylinux2014_x86_64.manylinux_2_17_x86_64.manylinux_2_28_x86_64.whl", hash = "sha256:c47318cd3a61401452de11282242937e3e057c4fd3dbaf601e269d0928a06c0a", size = 729847, upload-time = "2026-08-07T10:48:59.231Z" },
    { url = "https://files.pythonhosted.org/packages/86/ac/fa4d7a424665040e95baf480a6d523446057684b6758624c85338e8a23b2/librt-0.15.0-cp315-cp315t-manylinux_2_34_riscv64.manylinux_2_39_riscv64.whl", hash = "sha256:a56a1d4f859a82ca5b99fc4b82c9b027b15e3c455c5cd99e7d0719f27bb20b6c", size = 742736, upload-time = "2026-08-07T10:49:01.151Z" },
    { url = "https://files.pythonhosted.org/packages/8a/f1/e17a9bb5de6fb8c3186ed1a7d68d21618b027ac2d3633e03d3b6109c67ae/librt-0.15.0-cp315-cp315t-musllinux_1_2_aarch64.whl", hash = "sha256:077471b3182db4e17c36ae91555f36a4d2c00080b267f749bcad34a478a9a302", size = 763454, upload-time = "2026-08-07T10:49:03.039Z" },
    { url = "https://files.pythonhosted.org/packages/1d/ec/ecd02cd30935b931b9cdbfed6ab5a099c51b280b4e7baa274da80978ed27/librt-0.15.0-cp315-cp315t-musllinux_1_2_i686.whl", hash = "sha256:411ca4d1b905b860ceba7570dd6717a71dedaddcc4b0f77ece710aa41ee11f8d", size = 743296, upload-time = "2026-08-07T10:49:04.941Z" },
    { url = "https://files.pythonhosted.org/packages/e6/b5/b3c2b8353ce820a4854f78d19321344242f89fa71c975b71132ba9bf242a/librt-0.15.0-cp315-cp315t-musllinux_1_2_ppc64le.whl", hash = "sha256:1256589e0b0adb31751d685a68bce29d73407ddf4ef05d4188f49d5dcf9566d9", size = 756217, upload-time = "2026-08-07T10:49:06.825Z" },
    { url = "https://files.pythonhosted.org/packages/3c/52/6cc22542ba59146b05cca2a656f9ff8bb67e38e63d12c3b0cc183d837bf1/librt-0.15.0-cp315-cp315t-musllinux_1_2_riscv64.whl", hash = "sha256:f42b74a53e5f26a0ba0007411a7455b66c67ce4022a39cc1f56fc4efd65bcbab", size = 741934, upload-time = "2026-08-07T10:49:08.839Z" },
    { url = "https://files.pythonhosted.org/packages/40/32/a04b72b1aa86e3be23b2ecff8c1aad2dcc955bd3956d6d26e7e34267e57a/librt-0.15.0-cp315-cp315t-musllinux_1_2_x86_64.whl", hash = "sha256:291bf73caf78b9e88d6fae9bfd693207ff7d832e2fdbe2cf8e746bc13f5f892b", size = 783763, upload-time = "2026-08-07T10:49:10.661Z" },
    { url = "https://files.pythonhosted.org/packages/6c/f0/89eb11dffbe9279ff37144dec786927314502ae0b114f1449dc78c458aab/librt-0.15.0-cp315-cp315t-win32.whl", hash = "sha256:c16d15ee371643ab48dc8248a3e680ebbeca573a13af2c3dd0c985b142d77162", size = 104313, upload-time = "2026-08-07T10:49:12.305Z" },
    { url = "https://files.pythonhosted.org/packages/6d/4a/1f1978c200f563beda63c36adff2d65bbecb81e365e8e69e572f5f70fbc6/librt-0.15.0-cp315-cp315t-win_amd64.whl", hash = "sha256:dbd605739f228912dc49027cb764456b9757750bdc2b6b7773164db7096c6fd1", size = 126889, upload-time = "2026-08-07T10:49:13.881Z" },
    { url = "https://files.pythonhosted.org/packages/38/a6/800800bfed7b1fb10fc3f3d557785c3854e80d3f7a9800d784b176a1fc2d/librt-0.15.0-cp315-cp315t-win_arm64.whl", hash = "sha256:84d244b00604d17df3fc7736c327892d6bba66181254aa4087be807b6c342bdc", size = 110700, upload-time = "2026-08-07T10:49:15.499Z" },
]

[[package]]
name = "mypy"
version = "1.19.1"
source = { registry = "https://pypi.org/simple" }
dependencies = [
    { name = "librt", marker = "platform_python_implementation != 'PyPy'" },
    { name = "mypy-extensions" },
    { name = "pathspec" },
    { name = "typing-extensions" },
]
sdist = { url = "https://files.pythonhosted.org/packages/f5/db/4efed9504bc01309ab9c2da7e352cc223569f05478012b5d9ece38fd44d2/mypy-1.19.1.tar.gz", hash = "sha256:19d88bb05303fe63f71dd2c6270daca27cb9401c4ca8255fe50d1d920e0eb9ba", size = 3582404, upload-time = "2025-12-15T05:03:48.42Z" }
wheels = [
    { url = "https://files.pythonhosted.org/packages/de/eb/b83e75f4c820c4247a58580ef86fcd35165028f191e7e1ba57128c52782d/mypy-1.19.1-cp314-cp314-macosx_10_15_x86_64.whl", hash = "sha256:06e6170bd5836770e8104c8fdd58e5e725cfeb309f0a6c681a811f557e97eac1", size = 13199744, upload-time = "2025-12-15T05:03:30.823Z" },
    { url = "https://files.pythonhosted.org/packages/94/28/52785ab7bfa165f87fcbb61547a93f98bb20e7f82f90f165a1f69bce7b3d/mypy-1.19.1-cp314-cp314-macosx_11_0_arm64.whl", hash = "sha256:804bd67b8054a85447c8954215a906d6eff9cabeabe493fb6334b24f4bfff718", size = 12215815, upload-time = "2025-12-15T05:02:42.323Z" },
    { url = "https://files.pythonhosted.org/packages/0a/c6/bdd60774a0dbfb05122e3e925f2e9e846c009e479dcec4821dad881f5b52/mypy-1.19.1-cp314-cp314-manylinux2014_aarch64.manylinux_2_17_aarch64.manylinux_2_28_aarch64.whl", hash = "sha256:21761006a7f497cb0d4de3d8ef4ca70532256688b0523eee02baf9eec895e27b", size = 12740047, upload-time = "2025-12-15T05:03:33.168Z" },
    { url = "https://files.pythonhosted.org/packages/32/2a/66ba933fe6c76bd40d1fe916a83f04fed253152f451a877520b3c4a5e41e/mypy-1.19.1-cp314-cp314-manylinux2014_x86_64.manylinux_2_17_x86_64.manylinux_2_28_x86_64.whl", hash = "sha256:28902ee51f12e0f19e1e16fbe2f8f06b6637f482c459dd393efddd0ec7f82045", size = 13601998, upload-time = "2025-12-15T05:03:13.056Z" },
    { url = "https://files.pythonhosted.org/packages/e3/da/5055c63e377c5c2418760411fd6a63ee2b96cf95397259038756c042574f/mypy-1.19.1-cp314-cp314-musllinux_1_2_x86_64.whl", hash = "sha256:481daf36a4c443332e2ae9c137dfee878fcea781a2e3f895d54bd3002a900957", size = 13807476, upload-time = "2025-12-15T05:03:17.977Z" },
    { url = "https://files.pythonhosted.org/packages/cd/09/4ebd873390a063176f06b0dbf1f7783dd87bd120eae7727fa4ae4179b685/mypy-1.19.1-cp314-cp314-win_amd64.whl", hash = "sha256:8bb5c6f6d043655e055be9b542aa5f3bdd30e4f3589163e85f93f3640060509f", size = 10281872, upload-time = "2025-12-15T05:03:05.549Z" },
    { url = "https://files.pythonhosted.org/packages/8d/f4/4ce9a05ce5ded1de3ec1c1d96cf9f9504a04e54ce0ed55cfa38619a32b8d/mypy-1.19.1-py3-none-any.whl", hash = "sha256:f1235f5ea01b7db5468d53ece6aaddf1ad0b88d9e7462b86ef96fe04995d7247", size = 2471239, upload-time = "2025-12-15T05:03:07.248Z" },
]

[[package]]
name = "mypy-extensions"
version = "1.1.0"
source = { registry = "https://pypi.org/simple" }
sdist = { url = "https://files.pythonhosted.org/packages/a2/6e/371856a3fb9d31ca8dac321cda606860fa4548858c0cc45d9d1d4ca2628b/mypy_extensions-1.1.0.tar.gz", hash = "sha256:52e68efc3284861e772bbcd66823fde5ae21fd2fdb51c62a211403730b916558", size = 6343, upload-time = "2025-04-22T14:54:24.164Z" }
wheels = [
    { url = "https://files.pythonhosted.org/packages/79/7b/2c79738432f5c924bef5071f933bcc9efd0473bac3b4aa584a6f7c1c8df8/mypy_extensions-1.1.0-py3-none-any.whl", hash = "sha256:1be4cccdb0f2482337c4743e60421de3a356cd97508abadd57d47403e94f5505", size = 4963, upload-time = "2025-04-22T14:54:22.983Z" },
]

[[package]]
name = "pathspec"
version = "1.1.1"
source = { registry = "https://pypi.org/simple" }
sdist = { url = "https://files.pythonhosted.org/packages/5a/82/42f767fc1c1143d6fd36efb827202a2d997a375e160a71eb2888a925aac1/pathspec-1.1.1.tar.gz", hash = "sha256:17db5ecd524104a120e173814c90367a96a98d07c45b2e10c2f3919fff91bf5a", size = 135180, upload-time = "2026-04-27T01:46:08.907Z" }
wheels = [
    { url = "https://files.pythonhosted.org/packages/f1/d9/7fb5aa316bc299258e68c73ba3bddbc499654a07f151cba08f6153988714/pathspec-1.1.1-py3-none-any.whl", hash = "sha256:a00ce642f577bf7f473932318056212bc4f8bfdf53128c78bbd5af0b9b20b189", size = 57328, upload-time = "2026-04-27T01:46:07.06Z" },
]

[[package]]
name = "ruff"
version = "0.15.7"
source = { registry = "https://pypi.org/simple" }
sdist = { url = "https://files.pythonhosted.org/packages/a1/22/9e4f66ee588588dc6c9af6a994e12d26e19efbe874d1a909d09a6dac7a59/ruff-0.15.7.tar.gz", hash = "sha256:04f1ae61fc20fe0b148617c324d9d009b5f63412c0b16474f3d5f1a1a665f7ac", size = 4601277, upload-time = "2026-03-19T16:26:22.605Z" }
wheels = [
    { url = "https://files.pythonhosted.org/packages/41/2f/0b08ced94412af091807b6119ca03755d651d3d93a242682bf020189db94/ruff-0.15.7-py3-none-linux_armv6l.whl", hash = "sha256:a81cc5b6910fb7dfc7c32d20652e50fa05963f6e13ead3c5915c41ac5d16668e", size = 10489037, upload-time = "2026-03-19T16:26:32.47Z" },
    { url = "https://files.pythonhosted.org/packages/91/4a/82e0fa632e5c8b1eba5ee86ecd929e8ff327bbdbfb3c6ac5d81631bef605/ruff-0.15.7-py3-none-macosx_10_12_x86_64.whl", hash = "sha256:722d165bd52403f3bdabc0ce9e41fc47070ac56d7a91b4e0d097b516a53a3477", size = 10955433, upload-time = "2026-03-19T16:27:00.205Z" },
    { url = "https://files.pythonhosted.org/packages/ab/10/12586735d0ff42526ad78c049bf51d7428618c8b5c467e72508c694119df/ruff-0.15.7-py3-none-macosx_11_0_arm64.whl", hash = "sha256:7fbc2448094262552146cbe1b9643a92f66559d3761f1ad0656d4991491af49e", size = 10269302, upload-time = "2026-03-19T16:26:26.183Z" },
    { url = "https://files.pythonhosted.org/packages/eb/5d/32b5c44ccf149a26623671df49cbfbd0a0ae511ff3df9d9d2426966a8d57/ruff-0.15.7-py3-none-manylinux_2_17_aarch64.manylinux2014_aarch64.whl", hash = "sha256:6b39329b60eba44156d138275323cc726bbfbddcec3063da57caa8a8b1d50adf", size = 10607625, upload-time = "2026-03-19T16:27:03.263Z" },
    { url = "https://files.pythonhosted.org/packages/5d/f1/f0001cabe86173aaacb6eb9bb734aa0605f9a6aa6fa7d43cb49cbc4af9c9/ruff-0.15.7-py3-none-manylinux_2_17_armv7l.manylinux2014_armv7l.whl", hash = "sha256:87768c151808505f2bfc93ae44e5f9e7c8518943e5074f76ac21558ef5627c85", size = 10324743, upload-time = "2026-03-19T16:27:09.791Z" },
    { url = "https://files.pythonhosted.org/packages/7a/87/b8a8f3d56b8d848008559e7c9d8bf367934d5367f6d932ba779456e2f73b/ruff-0.15.7-py3-none-manylinux_2_17_i686.manylinux2014_i686.whl", hash = "sha256:fb0511670002c6c529ec66c0e30641c976c8963de26a113f3a30456b702468b0", size = 11138536, upload-time = "2026-03-19T16:27:06.101Z" },
    { url = "https://files.pythonhosted.org/packages/e4/f2/4fd0d05aab0c5934b2e1464784f85ba2eab9d54bffc53fb5430d1ed8b829/ruff-0.15.7-py3-none-manylinux_2_17_ppc64le.manylinux2014_ppc64le.whl", hash = "sha256:e0d19644f801849229db8345180a71bee5407b429dd217f853ec515e968a6912", size = 11994292, upload-time = "2026-03-19T16:26:48.718Z" },
    { url = "https://files.pythonhosted.org/packages/64/22/fc4483871e767e5e95d1622ad83dad5ebb830f762ed0420fde7dfa9d9b08/ruff-0.15.7-py3-none-manylinux_2_17_s390x.manylinux2014_s390x.whl", hash = "sha256:4806d8e09ef5e84eb19ba833d0442f7e300b23fe3f0981cae159a248a10f0036", size = 11398981, upload-time = "2026-03-19T16:26:54.513Z" },
    { url = "https://files.pythonhosted.org/packages/b0/99/66f0343176d5eab02c3f7fcd2de7a8e0dd7a41f0d982bee56cd1c24db62b/ruff-0.15.7-py3-none-manylinux_2_17_x86_64.manylinux2014_x86_64.whl", hash = "sha256:dce0896488562f09a27b9c91b1f58a097457143931f3c4d519690dea54e624c5", size = 11242422, upload-time = "2026-03-19T16:26:29.277Z" },
    { url = "https://files.pythonhosted.org/packages/5d/3a/a7060f145bfdcce4c987ea27788b30c60e2c81d6e9a65157ca8afe646328/ruff-0.15.7-py3-none-manylinux_2_31_riscv64.whl", hash = "sha256:1852ce241d2bc89e5dc823e03cff4ce73d816b5c6cdadd27dbfe7b03217d2a12", size = 11232158, upload-time = "2026-03-19T16:26:42.321Z" },
    { url = "https://files.pythonhosted.org/packages/a7/53/90fbb9e08b29c048c403558d3cdd0adf2668b02ce9d50602452e187cd4af/ruff-0.15.7-py3-none-musllinux_1_2_aarch64.whl", hash = "sha256:5f3e4b221fb4bd293f79912fc5e93a9063ebd6d0dcbd528f91b89172a9b8436c", size = 10577861, upload-time = "2026-03-19T16:26:57.459Z" },
    { url = "https://files.pythonhosted.org/packages/2f/aa/5f486226538fe4d0f0439e2da1716e1acf895e2a232b26f2459c55f8ddad/ruff-0.15.7-py3-none-musllinux_1_2_armv7l.whl", hash = "sha256:b15e48602c9c1d9bdc504b472e90b90c97dc7d46c7028011ae67f3861ceba7b4", size = 10327310, upload-time = "2026-03-19T16:26:35.909Z" },
    { url = "https://files.pythonhosted.org/packages/99/9e/271afdffb81fe7bfc8c43ba079e9d96238f674380099457a74ccb3863857/ruff-0.15.7-py3-none-musllinux_1_2_i686.whl", hash = "sha256:1b4705e0e85cedc74b0a23cf6a179dbb3df184cb227761979cc76c0440b5ab0d", size = 10840752, upload-time = "2026-03-19T16:26:45.723Z" },
    { url = "https://files.pythonhosted.org/packages/bf/29/a4ae78394f76c7759953c47884eb44de271b03a66634148d9f7d11e721bd/ruff-0.15.7-py3-none-musllinux_1_2_x86_64.whl", hash = "sha256:112c1fa316a558bb34319282c1200a8bf0495f1b735aeb78bfcb2991e6087580", size = 11336961, upload-time = "2026-03-19T16:26:39.076Z" },
    { url = "https://files.pythonhosted.org/packages/26/6b/8786ba5736562220d588a2f6653e6c17e90c59ced34a2d7b512ef8956103/ruff-0.15.7-py3-none-win32.whl", hash = "sha256:6d39e2d3505b082323352f733599f28169d12e891f7dd407f2d4f54b4c2886de", size = 10582538, upload-time = "2026-03-19T16:26:15.992Z" },
    { url = "https://files.pythonhosted.org/packages/2b/e9/346d4d3fffc6871125e877dae8d9a1966b254fbd92a50f8561078b88b099/ruff-0.15.7-py3-none-win_amd64.whl", hash = "sha256:4d53d712ddebcd7dace1bc395367aec12c057aacfe9adbb6d832302575f4d3a1", size = 11755839, upload-time = "2026-03-19T16:26:19.897Z" },
    { url = "https://files.pythonhosted.org/packages/8f/e8/726643a3ea68c727da31570bde48c7a10f1aa60eddd628d94078fec586ff/ruff-0.15.7-py3-none-win_arm64.whl", hash = "sha256:18e8d73f1c3fdf27931497972250340f92e8c861722161a9caeb89a58ead6ed2", size = 11023304, upload-time = "2026-03-19T16:26:51.669Z" },
]

[[package]]
name = "typing-extensions"
version = "4.16.0"
source = { registry = "https://pypi.org/simple" }
sdist = { url = "https://files.pythonhosted.org/packages/f6/cc/6253133b5bb138fc3306cebfbda2c520f545d36b5be2c7255cc528bb45d6/typing_extensions-4.16.0.tar.gz", hash = "sha256:dc983d19a509c94dba722ee6abd33940f7c05a89e243c47e907eb4db6f1a43e5", size = 113555, upload-time = "2026-07-02T08:40:05.92Z" }
wheels = [
    { url = "https://files.pythonhosted.org/packages/49/d3/b8441a820a491ddfc024b0b0cf0393375b75ea13866d9c66727e54c2fc80/typing_extensions-4.16.0-py3-none-any.whl", hash = "sha256:481caa481374e813c1b176ada14e97f1f67a4539ce9cfeb3f350d78d6370c2e8", size = 45571, upload-time = "2026-07-02T08:40:04.659Z" },
]
